lockfileVersion: 5.3

specifiers:
  '@ant-design/icons': ^4.7.0
  '@types/md5': ^2.3.1
  '@types/react-dom': ^17.0.11
  '@types/react-router-dom': ^5.3.2
  antd: ^4.16.13
  md5: ^2.3.0
  mobx: ^6.3.6
  mobx-react-lite: ^3.2.2
  react: ^17.0.2
  react-dnd: ^14.0.4
  react-dnd-html5-backend: ^14.0.2
  react-dom: ^17.0.2
  react-router-dom: ^5.3.0
  rollup-plugin-external-globals: ^0.6.1
  vite-plugin-external: ^1.2.3

dependencies:
  '@ant-design/icons': 4.7.0_react-dom@17.0.2+react@17.0.2
  antd: 4.16.13_react-dom@17.0.2+react@17.0.2
  md5: 2.3.0
  mobx: 6.3.6
  mobx-react-lite: 3.2.2_5cbc179485cce5c6733ddc74a83c553b
  react: 17.0.2
  react-dnd: 14.0.4_react@17.0.2
  react-dnd-html5-backend: 14.0.2
  react-dom: 17.0.2_react@17.0.2
  react-router-dom: 5.3.0_react@17.0.2

devDependencies:
  '@types/md5': 2.3.1
  '@types/react-dom': 17.0.11
  '@types/react-router-dom': 5.3.2
  rollup-plugin-external-globals: 0.6.1
  vite-plugin-external: 1.2.3

packages:

  /@ant-design/colors/6.0.0:
    resolution: {integrity: sha512-qAZRvPzfdWHtfameEGP2Qvuf838NhergR35o+EuVyB5XvSA98xod5r4utvi4TJ3ywmevm290g9nsCG5MryrdWQ==}
    dependencies:
      '@ctrl/tinycolor': 3.4.0
    dev: false

  /@ant-design/icons-svg/4.2.1:
    resolution: {integrity: sha512-EB0iwlKDGpG93hW8f85CTJTs4SvMX7tt5ceupvhALp1IF44SeUFOMhKUOYqpsoYWQKAOuTRDMqn75rEaKDp0Xw==}
    dev: false

  /@ant-design/icons/4.7.0_react-dom@17.0.2+react@17.0.2:
    resolution: {integrity: sha512-aoB4Z7JA431rt6d4u+8xcNPPCrdufSRMUOpxa1ab6mz1JCQZOEVolj2WVs/tDFmN62zzK30mNelEsprLYsSF3g==}
    engines: {node: '>=8'}
    peerDependencies:
      react: '>=16.0.0'
      react-dom: '>=16.0.0'
    dependencies:
      '@ant-design/colors': 6.0.0
      '@ant-design/icons-svg': 4.2.1
      '@babel/runtime': 7.15.3
      classnames: 2.3.1
      rc-util: 5.13.2_react-dom@17.0.2+react@17.0.2
      react: 17.0.2
      react-dom: 17.0.2_react@17.0.2
    dev: false

  /@ant-design/react-slick/0.28.3:
    resolution: {integrity: sha512-u3onF2VevGRbkGbgpldVX/nzd7LFtLeZJE0x2xIFT2qYHKkJZ6QT/jQ7KqYK4UpeTndoyrbMqLN4DiJza4BVBg==}
    dependencies:
      '@babel/runtime': 7.15.3
      classnames: 2.3.1
      json2mq: 0.2.0
      lodash: 4.17.21
      resize-observer-polyfill: 1.5.1
    dev: false

  /@babel/runtime/7.15.3:
    resolution: {integrity: sha512-OvwMLqNXkCXSz1kSm58sEsNuhqOx/fKpnUnKnFB5v8uDda5bLNEHNgKPvhDN6IU0LDcnHQ90LlJ0Q6jnyBSIBA==}
    engines: {node: '>=6.9.0'}
    dependencies:
      regenerator-runtime: 0.13.9
    dev: false

  /@ctrl/tinycolor/3.4.0:
    resolution: {integrity: sha512-JZButFdZ1+/xAfpguQHoabIXkcqRRKpMrWKBkpEZZyxfY9C1DpADFB8PEqGSTeFr135SaTRfKqGKx5xSCLI7ZQ==}
    engines: {node: '>=10'}
    dev: false

  /@react-dnd/asap/4.0.0:
    resolution: {integrity: sha512-0XhqJSc6pPoNnf8DhdsPHtUhRzZALVzYMTzRwV4VI6DJNJ/5xxfL9OQUwb8IH5/2x7lSf7nAZrnzUD+16VyOVQ==}
    dev: false

  /@react-dnd/invariant/2.0.0:
    resolution: {integrity: sha512-xL4RCQBCBDJ+GRwKTFhGUW8GXa4yoDfJrPbLblc3U09ciS+9ZJXJ3Qrcs/x2IODOdIE5kQxvMmE2UKyqUictUw==}
    dev: false

  /@react-dnd/shallowequal/2.0.0:
    resolution: {integrity: sha512-Pc/AFTdwZwEKJxFJvlxrSmGe/di+aAOBn60sremrpLo6VI/6cmiUYNNwlI5KNYttg7uypzA3ILPMPgxB2GYZEg==}
    dev: false

  /@rollup/pluginutils/4.1.1:
    resolution: {integrity: sha512-clDjivHqWGXi7u+0d2r2sBi4Ie6VLEAzWMIkvJLnDmxoOhBYOTfzGbOQBA32THHm11/LiJbd01tJUpJsbshSWQ==}
    engines: {node: '>= 8.0.0'}
    dependencies:
      estree-walker: 2.0.2
      picomatch: 2.3.0
    dev: true

  /@types/estree/0.0.50:
    resolution: {integrity: sha512-C6N5s2ZFtuZRj54k2/zyRhNDjJwwcViAM3Nbm8zjBpbqAdZ00mr0CFxvSKeO8Y/e03WVFLpQMdHYVfUd6SB+Hw==}
    dev: true

  /@types/history/4.7.9:
    resolution: {integrity: sha512-MUc6zSmU3tEVnkQ78q0peeEjKWPUADMlC/t++2bI8WnAG2tvYRPIgHG8lWkXwqc8MsUF6Z2MOf+Mh5sazOmhiQ==}
    dev: true

  /@types/md5/2.3.1:
    resolution: {integrity: sha512-OK3oe+ALIoPSo262lnhAYwpqFNXbiwH2a+0+Z5YBnkQEwWD8fk5+PIeRhYA48PzvX9I4SGNpWy+9bLj8qz92RQ==}
    dependencies:
      '@types/node': 16.6.0
    dev: true

  /@types/node/16.6.0:
    resolution: {integrity: sha512-OyiZPohMMjZEYqcVo/UJ04GyAxXOJEZO/FpzyXxcH4r/ArrVoXHf4MbUrkLp0Tz7/p1mMKpo5zJ6ZHl8XBNthQ==}
    dev: true

  /@types/prop-types/15.7.4:
    resolution: {integrity: sha512-rZ5drC/jWjrArrS8BR6SIr4cWpW09RNTYt9AMZo3Jwwif+iacXAqgVjm0B0Bv/S1jhDXKHqRVNCbACkJ89RAnQ==}
    dev: true

  /@types/react-dom/17.0.11:
    resolution: {integrity: sha512-f96K3k+24RaLGVu/Y2Ng3e1EbZ8/cVJvypZWd7cy0ofCBaf2lcM46xNhycMZ2xGwbBjRql7hOlZ+e2WlJ5MH3Q==}
    dependencies:
      '@types/react': 17.0.17
    dev: true

  /@types/react-router-dom/5.3.2:
    resolution: {integrity: sha512-ELEYRUie2czuJzaZ5+ziIp9Hhw+juEw8b7C11YNA4QdLCVbQ3qLi2l4aq8XnlqM7V31LZX8dxUuFUCrzHm6sqQ==}
    dependencies:
      '@types/history': 4.7.9
      '@types/react': 17.0.17
      '@types/react-router': 5.1.16
    dev: true

  /@types/react-router/5.1.16:
    resolution: {integrity: sha512-8d7nR/fNSqlTFGHti0R3F9WwIertOaaA1UEB8/jr5l5mDMOs4CidEgvvYMw4ivqrBK+vtVLxyTj2P+Pr/dtgzg==}
    dependencies:
      '@types/history': 4.7.9
      '@types/react': 17.0.17
    dev: true

  /@types/react/17.0.17:
    resolution: {integrity: sha512-nrfi7I13cAmrd0wje8czYpf5SFbryczCtPzFc6ijqvdjKcyA3tCvGxwchOUlxb2ucBPuJ9Y3oUqKrRqZvrz0lw==}
    dependencies:
      '@types/prop-types': 15.7.4
      '@types/scheduler': 0.16.2
      csstype: 3.0.8
    dev: true

  /@types/scheduler/0.16.2:
    resolution: {integrity: sha512-hppQEBDmlwhFAXKJX2KnWLYu5yMfi91yazPb2l+lbJiwW+wdo1gNeRA+3RgNSO39WYX2euey41KEwnqesU2Jew==}
    dev: true

  /antd/4.16.13_react-dom@17.0.2+react@17.0.2:
    resolution: {integrity: sha512-EMPD3fzKe7oayx9keD/GA1oKatcx7j5CGlkJj5eLS0/eEDDEkxVj3DFmKOPuHYt4BK7ltTzMFS+quSTmqUXPiw==}
    peerDependencies:
      react: '>=16.9.0'
      react-dom: '>=16.9.0'
    dependencies:
      '@ant-design/colors': 6.0.0
      '@ant-design/icons': 4.7.0_react-dom@17.0.2+react@17.0.2
      '@ant-design/react-slick': 0.28.3
      '@babel/runtime': 7.15.3
      array-tree-filter: 2.1.0
      classnames: 2.3.1
      copy-to-clipboard: 3.3.1
      lodash: 4.17.21
      moment: 2.29.1
      rc-cascader: 1.4.3_react-dom@17.0.2+react@17.0.2
      rc-checkbox: 2.3.2_react-dom@17.0.2+react@17.0.2
      rc-collapse: 3.1.1_react-dom@17.0.2+react@17.0.2
      rc-dialog: 8.6.0_react-dom@17.0.2+react@17.0.2
      rc-drawer: 4.3.1_react-dom@17.0.2+react@17.0.2
      rc-dropdown: 3.2.0_react-dom@17.0.2+react@17.0.2
      rc-field-form: 1.20.1_react-dom@17.0.2+react@17.0.2
      rc-image: 5.2.5_react-dom@17.0.2+react@17.0.2
      rc-input-number: 7.1.4_react-dom@17.0.2+react@17.0.2
      rc-mentions: 1.6.1_react-dom@17.0.2+react@17.0.2
      rc-menu: 9.0.12_react-dom@17.0.2+react@17.0.2
      rc-motion: 2.4.4_react-dom@17.0.2+react@17.0.2
      rc-notification: 4.5.7_react-dom@17.0.2+react@17.0.2
      rc-pagination: 3.1.9_react-dom@17.0.2+react@17.0.2
      rc-picker: 2.5.15_react-dom@17.0.2+react@17.0.2
      rc-progress: 3.1.4_react-dom@17.0.2+react@17.0.2
      rc-rate: 2.9.1_react-dom@17.0.2+react@17.0.2
      rc-resize-observer: 1.0.0_react-dom@17.0.2+react@17.0.2
      rc-select: 12.1.13_react-dom@17.0.2+react@17.0.2
      rc-slider: 9.7.2_react-dom@17.0.2+react@17.0.2
      rc-steps: 4.1.3_react-dom@17.0.2+react@17.0.2
      rc-switch: 3.2.2_react-dom@17.0.2+react@17.0.2
      rc-table: 7.15.2_react-dom@17.0.2+react@17.0.2
      rc-tabs: 11.10.1_react-dom@17.0.2+react@17.0.2
      rc-textarea: 0.3.4_react-dom@17.0.2+react@17.0.2
      rc-tooltip: 5.1.1_react-dom@17.0.2+react@17.0.2
      rc-tree: 4.2.2_react-dom@17.0.2+react@17.0.2
      rc-tree-select: 4.3.3_react-dom@17.0.2+react@17.0.2
      rc-trigger: 5.2.10_react-dom@17.0.2+react@17.0.2
      rc-upload: 4.3.1_react-dom@17.0.2+react@17.0.2
      rc-util: 5.13.2_react-dom@17.0.2+react@17.0.2
      react: 17.0.2
      react-dom: 17.0.2_react@17.0.2
      scroll-into-view-if-needed: 2.2.28
    dev: false

  /array-tree-filter/2.1.0:
    resolution: {integrity: sha512-4ROwICNlNw/Hqa9v+rk5h22KjmzB1JGTMVKP2AKJBOCgb0yL0ASf0+YvCcLNNwquOHNX48jkeZIJ3a+oOQqKcw==}
    dev: false

  /async-validator/3.5.2:
    resolution: {integrity: sha512-8eLCg00W9pIRZSB781UUX/H6Oskmm8xloZfr09lz5bikRpBVDlJ3hRVuxxP1SxcwsEYfJ4IU8Q19Y8/893r3rQ==}
    dev: false

  /charenc/0.0.2:
    resolution: {integrity: sha1-wKHS86cJLgN3S/qD8UwPxXkKhmc=}
    dev: false

  /classnames/2.3.1:
    resolution: {integrity: sha512-OlQdbZ7gLfGarSqxesMesDa5uz7KFbID8Kpq/SxIoNGDqY8lSYs0D+hhtBXhcdB3rcbXArFr7vlHheLk1voeNA==}
    dev: false

  /compute-scroll-into-view/1.0.17:
    resolution: {integrity: sha512-j4dx+Fb0URmzbwwMUrhqWM2BEWHdFGx+qZ9qqASHRPqvTYdqvWnHg0H1hIbcyLnvgnoNAVMlwkepyqM3DaIFUg==}
    dev: false

  /copy-to-clipboard/3.3.1:
    resolution: {integrity: sha512-i13qo6kIHTTpCm8/Wup+0b1mVWETvu2kIMzKoK8FpkLkFxlt0znUAHcMzox+T8sPlqtZXq3CulEjQHsYiGFJUw==}
    dependencies:
      toggle-selection: 1.0.6
    dev: false

  /crypt/0.0.2:
    resolution: {integrity: sha1-iNf/fsDfuG9xPch7u0LQRNPmxBs=}
    dev: false

  /csstype/3.0.8:
    resolution: {integrity: sha512-jXKhWqXPmlUeoQnF/EhTtTl4C9SnrxSH/jZUih3jmO6lBKr99rP3/+FmrMj4EFpOXzMtXHAZkd3x0E6h6Fgflw==}
    dev: true

  /date-fns/2.23.0:
    resolution: {integrity: sha512-5ycpauovVyAk0kXNZz6ZoB9AYMZB4DObse7P3BPWmyEjXNORTI8EJ6X0uaSAq4sCHzM1uajzrkr6HnsLQpxGXA==}
    engines: {node: '>=0.11'}
    dev: false

  /dayjs/1.10.6:
    resolution: {integrity: sha512-AztC/IOW4L1Q41A86phW5Thhcrco3xuAA+YX/BLpLWWjRcTj5TOt/QImBLmCKlrF7u7k47arTnOyL6GnbG8Hvw==}
    dev: false

  /dnd-core/14.0.1:
    resolution: {integrity: sha512-+PVS2VPTgKFPYWo3vAFEA8WPbTf7/xo43TifH9G8S1KqnrQu0o77A3unrF5yOugy4mIz7K5wAVFHUcha7wsz6A==}
    dependencies:
      '@react-dnd/asap': 4.0.0
      '@react-dnd/invariant': 2.0.0
      redux: 4.1.1
    dev: false

  /dom-align/1.12.2:
    resolution: {integrity: sha512-pHuazgqrsTFrGU2WLDdXxCFabkdQDx72ddkraZNih1KsMcN5qsRSTR9O4VJRlwTPCPb5COYg3LOfiMHHcPInHg==}
    dev: false

  /estree-walker/2.0.2:
    resolution: {integrity: sha512-Rfkk/Mp/DL7JVje3u18FxFujQlTNR2q6QfMSMB7AvCBx91NGj/ba3kCfza0f6dVDbw7YlRf/nDrn7pQrCCyQ/w==}
    dev: true

  /fast-deep-equal/3.1.3:
    resolution: {integrity: sha512-f3qQ9oQy9j2AhBe/H9VC91wLmKBCCU/gDOnKNAYG5hswO7BLKj09Hc5HYNz9cGI++xlpDCIgDaitVs03ATR84Q==}
    dev: false

  /fs-extra/10.0.0:
    resolution: {integrity: sha512-C5owb14u9eJwizKGdchcDUQeFtlSHHthBk8pbX9Vc1PFZrLombudjDnNns88aYslCyF6IY5SUw3Roz6xShcEIQ==}
    engines: {node: '>=12'}
    dependencies:
      graceful-fs: 4.2.8
      jsonfile: 6.1.0
      universalify: 2.0.0
    dev: true

  /graceful-fs/4.2.8:
    resolution: {integrity: sha512-qkIilPUYcNhJpd33n0GBXTB1MMPp14TxEsEs0pTrsSVucApsYzW5V+Q8Qxhik6KU3evy+qkAAowTByymK0avdg==}
    dev: true

  /history/4.10.1:
    resolution: {integrity: sha512-36nwAD620w12kuzPAsyINPWJqlNbij+hpK1k9XRloDtym8mxzGYl2c17LnV6IAGB2Dmg4tEa7G7DlawS0+qjew==}
    dependencies:
      '@babel/runtime': 7.15.3
      loose-envify: 1.4.0
      resolve-pathname: 3.0.0
      tiny-invariant: 1.1.0
      tiny-warning: 1.0.3
      value-equal: 1.0.1
    dev: false

  /hoist-non-react-statics/3.3.2:
    resolution: {integrity: sha512-/gGivxi8JPKWNm/W0jSmzcMPpfpPLc3dY/6GxhX2hQ9iGj3aDfklV4ET7NjKpSinLpJ5vafa9iiGIEZg10SfBw==}
    dependencies:
      react-is: 16.13.1
    dev: false

  /is-buffer/1.1.6:
    resolution: {integrity: sha512-NcdALwpXkTm5Zvvbk7owOUSvVvBKDgKP5/ewfXEznmQFfs4ZRmanOeKBTjRVjka3QFoN6XJ+9F3USqfHqTaU5w==}
    dev: false

  /is-reference/1.2.1:
    resolution: {integrity: sha512-U82MsXXiFIrjCK4otLT+o2NA2Cd2g5MLoOVXUZjIOhLurrRxpEXzI8O0KZHr3IjLvlAH1kTPYSuqer5T9ZVBKQ==}
    dependencies:
      '@types/estree': 0.0.50
    dev: true

  /isarray/0.0.1:
    resolution: {integrity: sha1-ihis/Kmo9Bd+Cav8YDiTmwXR7t8=}
    dev: false

  /js-tokens/4.0.0:
    resolution: {integrity: sha512-RdJUflcE3cUzKiMqQgsCu06FPu9UdIJO0beYbPhHN4k6apgJtifcoCtT9bcxOpYBtpD2kCM6Sbzg4CausW/PKQ==}
    dev: false

  /json2mq/0.2.0:
    resolution: {integrity: sha1-tje9O6nqvhIsg+lyBIOusQ0skEo=}
    dependencies:
      string-convert: 0.2.1
    dev: false

  /jsonfile/6.1.0:
    resolution: {integrity: sha512-5dgndWOriYSm5cnYaJNhalLNDKOqFwyDB/rr1E9ZsGciGvKPs8R2xYGCacuf3z6K1YKDz182fd+fY3cn3pMqXQ==}
    dependencies:
      universalify: 2.0.0
    optionalDependencies:
      graceful-fs: 4.2.8
    dev: true

  /lodash/4.17.21:
    resolution: {integrity: sha512-v2kDEe57lecTulaDIuNTPy3Ry4gLGJ6Z1O3vE1krgXZNrsQ+LFTGHVxVjcXPs17LhbZVGedAJv8XZ1tvj5FvSg==}
    dev: false

  /loose-envify/1.4.0:
    resolution: {integrity: sha512-lyuxPGr/Wfhrlem2CL/UcnUc1zcqKAImBDzukY7Y5F/yQiNdko6+fRLevlw1HgMySw7f611UIY408EtxRSoK3Q==}
    hasBin: true
    dependencies:
      js-tokens: 4.0.0
    dev: false

  /magic-string/0.25.7:
    resolution: {integrity: sha512-4CrMT5DOHTDk4HYDlzmwu4FVCcIYI8gauveasrdCu2IKIFOJ3f0v/8MDGJCDL9oD2ppz/Av1b0Nj345H9M+XIA==}
    dependencies:
      sourcemap-codec: 1.4.8
    dev: true

  /md5/2.3.0:
    resolution: {integrity: sha512-T1GITYmFaKuO91vxyoQMFETst+O71VUPEU3ze5GNzDm0OWdP8v1ziTaAEPUr/3kLsY3Sftgz242A1SetQiDL7g==}
    dependencies:
      charenc: 0.0.2
      crypt: 0.0.2
      is-buffer: 1.1.6
    dev: false

  /mini-create-react-context/0.4.1_prop-types@15.7.2+react@17.0.2:
    resolution: {integrity: sha512-YWCYEmd5CQeHGSAKrYvXgmzzkrvssZcuuQDDeqkT+PziKGMgE+0MCCtcKbROzocGBG1meBLl2FotlRwf4gAzbQ==}
    peerDependencies:
      prop-types: ^15.0.0
      react: ^0.14.0 || ^15.0.0 || ^16.0.0 || ^17.0.0
    dependencies:
      '@babel/runtime': 7.15.3
      prop-types: 15.7.2
      react: 17.0.2
      tiny-warning: 1.0.3
    dev: false

  /mobx-react-lite/3.2.2_5cbc179485cce5c6733ddc74a83c553b:
    resolution: {integrity: sha512-FxJJMqmHcnQYOVVs2DdjNHioGlFsXF5/9VHztS9NAfIT3DYrxNZzVi119Zr/OmlWKkWNkAsssSNzPkqautfL4A==}
    peerDependencies:
      mobx: ^6.1.0
      react: ^16.8.0 || ^17
      react-dom: '*'
      react-native: '*'
    peerDependenciesMeta:
      react-dom:
        optional: true
      react-native:
        optional: true
    dependencies:
      mobx: 6.3.6
      react: 17.0.2
      react-dom: 17.0.2_react@17.0.2
    dev: false

  /mobx/6.3.6:
    resolution: {integrity: sha512-TeCp8BTco5cmXKY7Zt5VSL5fHBEAHTSA6xs+KWmcxi3cFN1C+Xqs2m3giyGT/e6TSjtdDysVX5+cCZZhEyiJmA==}
    dev: false

  /moment/2.29.1:
    resolution: {integrity: sha512-kHmoybcPV8Sqy59DwNDY3Jefr64lK/by/da0ViFcuA4DH0vQg5Q6Ze5VimxkfQNSC+Mls/Kx53s7TjP1RhFEDQ==}
    dev: false

  /object-assign/4.1.1:
    resolution: {integrity: sha1-IQmtx5ZYh8/AXLvUQsrIv7s2CGM=}
    engines: {node: '>=0.10.0'}
    dev: false

  /path-to-regexp/1.8.0:
    resolution: {integrity: sha512-n43JRhlUKUAlibEJhPeir1ncUID16QnEjNpwzNdO3Lm4ywrBpBZ5oLD0I6br9evr1Y9JTqwRtAh7JLoOzAQdVA==}
    dependencies:
      isarray: 0.0.1
    dev: false

  /picomatch/2.3.0:
    resolution: {integrity: sha512-lY1Q/PiJGC2zOv/z391WOTD+Z02bCgsFfvxoXXf6h7kv9o+WmsmzYqrAwY63sNgOxE4xEdq0WyUnXfKeBrSvYw==}
    engines: {node: '>=8.6'}
    dev: true

  /prop-types/15.7.2:
    resolution: {integrity: sha512-8QQikdH7//R2vurIJSutZ1smHYTcLpRWEOlHnzcWHmBYrOGUysKwSsrC89BCiFj3CbrfJ/nXFdJepOVrY1GCHQ==}
    dependencies:
      loose-envify: 1.4.0
      object-assign: 4.1.1
      react-is: 16.13.1
    dev: false

  /rc-align/4.0.11_react-dom@17.0.2+react@17.0.2:
    resolution: {integrity: sha512-n9mQfIYQbbNTbefyQnRHZPWuTEwG1rY4a9yKlIWHSTbgwI+XUMGRYd0uJ5pE2UbrNX0WvnMBA1zJ3Lrecpra/A==}
    peerDependencies:
      react: '>=16.9.0'
      react-dom: '>=16.9.0'
    dependencies:
      '@babel/runtime': 7.15.3
      classnames: 2.3.1
      dom-align: 1.12.2
      lodash: 4.17.21
      rc-util: 5.13.2_react-dom@17.0.2+react@17.0.2
      react: 17.0.2
      react-dom: 17.0.2_react@17.0.2
      resize-observer-polyfill: 1.5.1
    dev: false

  /rc-cascader/1.4.3_react-dom@17.0.2+react@17.0.2:
    resolution: {integrity: sha512-Q4l9Mv8aaISJ+giVnM9IaXxDeMqHUGLvi4F+LksS6pHlaKlN4awop/L+IMjIXpL+ug/ojaCyv/ixcVopJYYCVA==}
    peerDependencies:
      react: '>=16.9.0'
      react-dom: '>=16.9.0'
    dependencies:
      '@babel/runtime': 7.15.3
      array-tree-filter: 2.1.0
      rc-trigger: 5.2.10_react-dom@17.0.2+react@17.0.2
      rc-util: 5.13.2_react-dom@17.0.2+react@17.0.2
      react: 17.0.2
      react-dom: 17.0.2_react@17.0.2
      warning: 4.0.3
    dev: false

  /rc-checkbox/2.3.2_react-dom@17.0.2+react@17.0.2:
    resolution: {integrity: sha512-afVi1FYiGv1U0JlpNH/UaEXdh6WUJjcWokj/nUN2TgG80bfG+MDdbfHKlLcNNba94mbjy2/SXJ1HDgrOkXGAjg==}
    peerDependencies:
      react: '>=16.9.0'
      react-dom: '>=16.9.0'
    dependencies:
      '@babel/runtime': 7.15.3
      classnames: 2.3.1
      react: 17.0.2
      react-dom: 17.0.2_react@17.0.2
    dev: false

  /rc-collapse/3.1.1_react-dom@17.0.2+react@17.0.2:
    resolution: {integrity: sha512-/oetKApTHzGGeR8Q8vD168EXkCs2MpEIrURGyy2D+LrrJd29LY/huuIMvOiJoSV6W3bcGhJqIdgHtg1Dxn1smA==}
    peerDependencies:
      react: '>=16.9.0'
      react-dom: '>=16.9.0'
    dependencies:
      '@babel/runtime': 7.15.3
      classnames: 2.3.1
      rc-motion: 2.4.4_react-dom@17.0.2+react@17.0.2
      rc-util: 5.13.2_react-dom@17.0.2+react@17.0.2
      react: 17.0.2
      react-dom: 17.0.2_react@17.0.2
      shallowequal: 1.1.0
    dev: false

  /rc-dialog/8.6.0_react-dom@17.0.2+react@17.0.2:
    resolution: {integrity: sha512-GSbkfqjqxpZC5/zc+8H332+q5l/DKUhpQr0vdX2uDsxo5K0PhvaMEVjyoJUTkZ3+JstEADQji1PVLVb/2bJeOQ==}
    peerDependencies:
      react: '>=16.9.0'
      react-dom: '>=16.9.0'
    dependencies:
      '@babel/runtime': 7.15.3
      classnames: 2.3.1
      rc-motion: 2.4.4_react-dom@17.0.2+react@17.0.2
      rc-util: 5.13.2_react-dom@17.0.2+react@17.0.2
      react: 17.0.2
      react-dom: 17.0.2_react@17.0.2
    dev: false

  /rc-drawer/4.3.1_react-dom@17.0.2+react@17.0.2:
    resolution: {integrity: sha512-GMfFy4maqxS9faYXEhQ+0cA1xtkddEQzraf6SAdzWbn444DrrLogwYPk1NXSpdXjLCLxgxOj9MYtyYG42JsfXg==}
    peerDependencies:
      react: '>=16.9.0'
      react-dom: '>=16.9.0'
    dependencies:
      '@babel/runtime': 7.15.3
      classnames: 2.3.1
      rc-util: 5.13.2_react-dom@17.0.2+react@17.0.2
      react: 17.0.2
      react-dom: 17.0.2_react@17.0.2
    dev: false

  /rc-dropdown/3.2.0_react-dom@17.0.2+react@17.0.2:
    resolution: {integrity: sha512-j1HSw+/QqlhxyTEF6BArVZnTmezw2LnSmRk6I9W7BCqNCKaRwleRmMMs1PHbuaG8dKHVqP6e21RQ7vPBLVnnNw==}
    peerDependencies:
      react: '*'
      react-dom: '*'
    dependencies:
      '@babel/runtime': 7.15.3
      classnames: 2.3.1
      rc-trigger: 5.2.10_react-dom@17.0.2+react@17.0.2
      react: 17.0.2
      react-dom: 17.0.2_react@17.0.2
    dev: false

  /rc-field-form/1.20.1_react-dom@17.0.2+react@17.0.2:
    resolution: {integrity: sha512-f64KEZop7zSlrG4ef/PLlH12SLn6iHDQ3sTG+RfKBM45hikwV1i8qMf53xoX12NvXXWg1VwchggX/FSso4bWaA==}
    engines: {node: '>=8.x'}
    peerDependencies:
      react: '>= 16.9.0'
      react-dom: '>= 16.9.0'
    dependencies:
      '@babel/runtime': 7.15.3
      async-validator: 3.5.2
      rc-util: 5.13.2_react-dom@17.0.2+react@17.0.2
      react: 17.0.2
      react-dom: 17.0.2_react@17.0.2
    dev: false

  /rc-image/5.2.5_react-dom@17.0.2+react@17.0.2:
    resolution: {integrity: sha512-qUfZjYIODxO0c8a8P5GeuclYXZjzW4hV/5hyo27XqSFo1DmTCs2HkVeQObkcIk5kNsJtgsj1KoPThVsSc/PXOw==}
    peerDependencies:
      react: '>=16.9.0'
      react-dom: '>=16.9.0'
    dependencies:
      '@babel/runtime': 7.15.3
      classnames: 2.3.1
      rc-dialog: 8.6.0_react-dom@17.0.2+react@17.0.2
      rc-util: 5.13.2_react-dom@17.0.2+react@17.0.2
      react: 17.0.2
      react-dom: 17.0.2_react@17.0.2
    dev: false

  /rc-input-number/7.1.4_react-dom@17.0.2+react@17.0.2:
    resolution: {integrity: sha512-EG4iqkqyqzLRu/Dq+fw2od7nlgvXLEatE+J6uhi3HXE1qlM3C7L6a7o/hL9Ly9nimkES2IeQoj3Qda3I0izj3Q==}
    peerDependencies:
      react: '>=16.9.0'
      react-dom: '>=16.9.0'
    dependencies:
      '@babel/runtime': 7.15.3
      classnames: 2.3.1
      rc-util: 5.13.2_react-dom@17.0.2+react@17.0.2
      react: 17.0.2
      react-dom: 17.0.2_react@17.0.2
    dev: false

  /rc-mentions/1.6.1_react-dom@17.0.2+react@17.0.2:
    resolution: {integrity: sha512-LDzGI8jJVGnkhpTZxZuYBhMz3avcZZqPGejikchh97xPni/g4ht714Flh7DVvuzHQ+BoKHhIjobHnw1rcP8erg==}
    peerDependencies:
      react: '>=16.9.0'
      react-dom: '>=16.9.0'
    dependencies:
      '@babel/runtime': 7.15.3
      classnames: 2.3.1
      rc-menu: 9.0.12_react-dom@17.0.2+react@17.0.2
      rc-textarea: 0.3.4_react-dom@17.0.2+react@17.0.2
      rc-trigger: 5.2.10_react-dom@17.0.2+react@17.0.2
      rc-util: 5.13.2_react-dom@17.0.2+react@17.0.2
      react: 17.0.2
      react-dom: 17.0.2_react@17.0.2
    dev: false

  /rc-menu/9.0.12_react-dom@17.0.2+react@17.0.2:
    resolution: {integrity: sha512-8uy47DL36iDEwVZdUO/fjhhW5+4j0tYlrCsOzw6iy8MJqKL7/HC2pj7sL/S9ayp2+hk9fYQYB9Tu+UN+N2OOOQ==}
    peerDependencies:
      react: '>=16.9.0'
      react-dom: '>=16.9.0'
    dependencies:
      '@babel/runtime': 7.15.3
      classnames: 2.3.1
      rc-motion: 2.4.4_react-dom@17.0.2+react@17.0.2
      rc-overflow: 1.2.2_react-dom@17.0.2+react@17.0.2
      rc-trigger: 5.2.10_react-dom@17.0.2+react@17.0.2
      rc-util: 5.13.2_react-dom@17.0.2+react@17.0.2
      react: 17.0.2
      react-dom: 17.0.2_react@17.0.2
      shallowequal: 1.1.0
    dev: false

  /rc-motion/2.4.4_react-dom@17.0.2+react@17.0.2:
    resolution: {integrity: sha512-ms7n1+/TZQBS0Ydd2Q5P4+wJTSOrhIrwNxLXCZpR7Fa3/oac7Yi803HDALc2hLAKaCTQtw9LmQeB58zcwOsqlQ==}
    peerDependencies:
      react: '>=16.9.0'
      react-dom: '>=16.9.0'
    dependencies:
      '@babel/runtime': 7.15.3
      classnames: 2.3.1
      rc-util: 5.13.2_react-dom@17.0.2+react@17.0.2
      react: 17.0.2
      react-dom: 17.0.2_react@17.0.2
    dev: false

  /rc-notification/4.5.7_react-dom@17.0.2+react@17.0.2:
    resolution: {integrity: sha512-zhTGUjBIItbx96SiRu3KVURcLOydLUHZCPpYEn1zvh+re//Tnq/wSxN4FKgp38n4HOgHSVxcLEeSxBMTeBBDdw==}
    engines: {node: '>=8.x'}
    peerDependencies:
      react: '>=16.9.0'
      react-dom: '>=16.9.0'
    dependencies:
      '@babel/runtime': 7.15.3
      classnames: 2.3.1
      rc-motion: 2.4.4_react-dom@17.0.2+react@17.0.2
      rc-util: 5.13.2_react-dom@17.0.2+react@17.0.2
      react: 17.0.2
      react-dom: 17.0.2_react@17.0.2
    dev: false

  /rc-overflow/1.2.2_react-dom@17.0.2+react@17.0.2:
    resolution: {integrity: sha512-X5kj9LDU1ue5wHkqvCprJWLKC+ZLs3p4He/oxjZ1Q4NKaqKBaYf5OdSzRSgh3WH8kSdrfU8LjvlbWnHgJOEkNQ==}
    peerDependencies:
      react: '>=16.9.0'
      react-dom: '>=16.9.0'
    dependencies:
      '@babel/runtime': 7.15.3
      classnames: 2.3.1
      rc-resize-observer: 1.0.0_react-dom@17.0.2+react@17.0.2
      rc-util: 5.13.2_react-dom@17.0.2+react@17.0.2
      react: 17.0.2
      react-dom: 17.0.2_react@17.0.2
    dev: false

  /rc-pagination/3.1.9_react-dom@17.0.2+react@17.0.2:
    resolution: {integrity: sha512-IKBKaJ4icVPeEk9qRHrFBJmHxBUrCp3+nENBYob4Ofqsu3RXjBOy4N36zONO7oubgLyiG3PxVmyAuVlTkoc7Jg==}
    peerDependencies:
      react: '>=16.9.0'
      react-dom: '>=16.9.0'
    dependencies:
      '@babel/runtime': 7.15.3
      classnames: 2.3.1
      react: 17.0.2
      react-dom: 17.0.2_react@17.0.2
    dev: false

  /rc-picker/2.5.15_react-dom@17.0.2+react@17.0.2:
    resolution: {integrity: sha512-txKEj20LJuxKFlRKT727Qju7Xsek0WnB6xDaCrmSCiuEBGO5DlG57Wy8zhKgQgMY3+afVrQAzyg13mYonGuXyg==}
    engines: {node: '>=8.x'}
    peerDependencies:
      react: '>=16.9.0'
      react-dom: '>=16.9.0'
    dependencies:
      '@babel/runtime': 7.15.3
      classnames: 2.3.1
      date-fns: 2.23.0
      dayjs: 1.10.6
      moment: 2.29.1
      rc-trigger: 5.2.10_react-dom@17.0.2+react@17.0.2
      rc-util: 5.13.2_react-dom@17.0.2+react@17.0.2
      react: 17.0.2
      react-dom: 17.0.2_react@17.0.2
      shallowequal: 1.1.0
    dev: false

  /rc-progress/3.1.4_react-dom@17.0.2+react@17.0.2:
    resolution: {integrity: sha512-XBAif08eunHssGeIdxMXOmRQRULdHaDdIFENQ578CMb4dyewahmmfJRyab+hw4KH4XssEzzYOkAInTLS7JJG+Q==}
    peerDependencies:
      react: '>=16.9.0'
      react-dom: '>=16.9.0'
    dependencies:
      '@babel/runtime': 7.15.3
      classnames: 2.3.1
      react: 17.0.2
      react-dom: 17.0.2_react@17.0.2
    dev: false

  /rc-rate/2.9.1_react-dom@17.0.2+react@17.0.2:
    resolution: {integrity: sha512-MmIU7FT8W4LYRRHJD1sgG366qKtSaKb67D0/vVvJYR0lrCuRrCiVQ5qhfT5ghVO4wuVIORGpZs7ZKaYu+KMUzA==}
    engines: {node: '>=8.x'}
    peerDependencies:
      react: '>=16.9.0'
      react-dom: '>=16.9.0'
    dependencies:
      '@babel/runtime': 7.15.3
      classnames: 2.3.1
      rc-util: 5.13.2_react-dom@17.0.2+react@17.0.2
      react: 17.0.2
      react-dom: 17.0.2_react@17.0.2
    dev: false

  /rc-resize-observer/1.0.0_react-dom@17.0.2+react@17.0.2:
    resolution: {integrity: sha512-RgKGukg1mlzyGdvzF7o/LGFC8AeoMH9aGzXTUdp6m+OApvmRdUuOscq/Y2O45cJA+rXt1ApWlpFoOIioXL3AGg==}
    peerDependencies:
      react: '>=16.9.0'
      react-dom: '>=16.9.0'
    dependencies:
      '@babel/runtime': 7.15.3
      classnames: 2.3.1
      rc-util: 5.13.2_react-dom@17.0.2+react@17.0.2
      react: 17.0.2
      react-dom: 17.0.2_react@17.0.2
      resize-observer-polyfill: 1.5.1
    dev: false

  /rc-select/12.1.13_react-dom@17.0.2+react@17.0.2:
    resolution: {integrity: sha512-cPI+aesP6dgCAaey4t4upDbEukJe+XN0DK6oO/6flcCX5o28o7KNZD7JAiVtC/6fCwqwI/kSs7S/43dvHmBl+A==}
    engines: {node: '>=8.x'}
    peerDependencies:
      react: '*'
      react-dom: '*'
    dependencies:
      '@babel/runtime': 7.15.3
      classnames: 2.3.1
      rc-motion: 2.4.4_react-dom@17.0.2+react@17.0.2
      rc-overflow: 1.2.2_react-dom@17.0.2+react@17.0.2
      rc-trigger: 5.2.10_react-dom@17.0.2+react@17.0.2
      rc-util: 5.13.2_react-dom@17.0.2+react@17.0.2
      rc-virtual-list: 3.3.0_react-dom@17.0.2+react@17.0.2
      react: 17.0.2
      react-dom: 17.0.2_react@17.0.2
    dev: false

  /rc-slider/9.7.2_react-dom@17.0.2+react@17.0.2:
    resolution: {integrity: sha512-mVaLRpDo6otasBs6yVnG02ykI3K6hIrLTNfT5eyaqduFv95UODI9PDS6fWuVVehVpdS4ENgOSwsTjrPVun+k9g==}
    engines: {node: '>=8.x'}
    peerDependencies:
      react: '>=16.9.0'
      react-dom: '>=16.9.0'
    dependencies:
      '@babel/runtime': 7.15.3
      classnames: 2.3.1
      rc-tooltip: 5.1.1_react-dom@17.0.2+react@17.0.2
      rc-util: 5.13.2_react-dom@17.0.2+react@17.0.2
      react: 17.0.2
      react-dom: 17.0.2_react@17.0.2
      shallowequal: 1.1.0
    dev: false

  /rc-steps/4.1.3_react-dom@17.0.2+react@17.0.2:
    resolution: {integrity: sha512-GXrMfWQOhN3sVze3JnzNboHpQdNHcdFubOETUHyDpa/U3HEKBZC3xJ8XK4paBgF4OJ3bdUVLC+uBPc6dCxvDYA==}
    engines: {node: '>=8.x'}
    peerDependencies:
      react: '>=16.9.0'
      react-dom: '>=16.9.0'
    dependencies:
      '@babel/runtime': 7.15.3
      classnames: 2.3.1
      rc-util: 5.13.2_react-dom@17.0.2+react@17.0.2
      react: 17.0.2
      react-dom: 17.0.2_react@17.0.2
    dev: false

  /rc-switch/3.2.2_react-dom@17.0.2+react@17.0.2:
    resolution: {integrity: sha512-+gUJClsZZzvAHGy1vZfnwySxj+MjLlGRyXKXScrtCTcmiYNPzxDFOxdQ/3pK1Kt/0POvwJ/6ALOR8gwdXGhs+A==}
    peerDependencies:
      react: '>=16.9.0'
      react-dom: '>=16.9.0'
    dependencies:
      '@babel/runtime': 7.15.3
      classnames: 2.3.1
      rc-util: 5.13.2_react-dom@17.0.2+react@17.0.2
      react: 17.0.2
      react-dom: 17.0.2_react@17.0.2
    dev: false

  /rc-table/7.15.2_react-dom@17.0.2+react@17.0.2:
    resolution: {integrity: sha512-TAs7kCpIZwc2mtvD8CMrXSM6TqJDUsy0rUEV1YgRru33T8bjtAtc+9xW/KC1VWROJlHSpU0R0kXjFs9h/6+IzQ==}
    engines: {node: '>=8.x'}
    peerDependencies:
      react: '>=16.9.0'
      react-dom: '>=16.9.0'
    dependencies:
      '@babel/runtime': 7.15.3
      classnames: 2.3.1
      rc-resize-observer: 1.0.0_react-dom@17.0.2+react@17.0.2
      rc-util: 5.13.2_react-dom@17.0.2+react@17.0.2
      react: 17.0.2
      react-dom: 17.0.2_react@17.0.2
      shallowequal: 1.1.0
    dev: false

  /rc-tabs/11.10.1_react-dom@17.0.2+react@17.0.2:
    resolution: {integrity: sha512-ey1i2uMyfnRNYbViLcUYGH+Y7hueJbdCVSLaXnXki9hxBcGqxJMPy9t5xR0n/3QFQspj7Tf6+2VTXVtmO7Yaug==}
    engines: {node: '>=8.x'}
    peerDependencies:
      react: '>=16.9.0'
      react-dom: '>=16.9.0'
    dependencies:
      '@babel/runtime': 7.15.3
      classnames: 2.3.1
      rc-dropdown: 3.2.0_react-dom@17.0.2+react@17.0.2
      rc-menu: 9.0.12_react-dom@17.0.2+react@17.0.2
      rc-resize-observer: 1.0.0_react-dom@17.0.2+react@17.0.2
      rc-util: 5.13.2_react-dom@17.0.2+react@17.0.2
      react: 17.0.2
      react-dom: 17.0.2_react@17.0.2
    dev: false

  /rc-textarea/0.3.4_react-dom@17.0.2+react@17.0.2:
    resolution: {integrity: sha512-ILUYx831ZukQPv3m7R4RGRtVVWmL1LV4ME03L22mvT56US0DGCJJaRTHs4vmpcSjFHItph5OTmhodY4BOwy81A==}
    peerDependencies:
      react: '>=16.9.0'
      react-dom: '>=16.9.0'
    dependencies:
      '@babel/runtime': 7.15.3
      classnames: 2.3.1
      rc-resize-observer: 1.0.0_react-dom@17.0.2+react@17.0.2
      rc-util: 5.13.2_react-dom@17.0.2+react@17.0.2
      react: 17.0.2
      react-dom: 17.0.2_react@17.0.2
    dev: false

  /rc-tooltip/5.1.1_react-dom@17.0.2+react@17.0.2:
    resolution: {integrity: sha512-alt8eGMJulio6+4/uDm7nvV+rJq9bsfxFDCI0ljPdbuoygUscbsMYb6EQgwib/uqsXQUvzk+S7A59uYHmEgmDA==}
    peerDependencies:
      react: '>=16.9.0'
      react-dom: '>=16.9.0'
    dependencies:
      '@babel/runtime': 7.15.3
      rc-trigger: 5.2.10_react-dom@17.0.2+react@17.0.2
      react: 17.0.2
      react-dom: 17.0.2_react@17.0.2
    dev: false

  /rc-tree-select/4.3.3_react-dom@17.0.2+react@17.0.2:
    resolution: {integrity: sha512-0tilOHLJA6p+TNg4kD559XnDX3PTEYuoSF7m7ryzFLAYvdEEPtjn0QZc5z6L0sMKBiBlj8a2kf0auw8XyHU3lA==}
    peerDependencies:
      react: '*'
      react-dom: '*'
    dependencies:
      '@babel/runtime': 7.15.3
      classnames: 2.3.1
      rc-select: 12.1.13_react-dom@17.0.2+react@17.0.2
      rc-tree: 4.2.2_react-dom@17.0.2+react@17.0.2
      rc-util: 5.13.2_react-dom@17.0.2+react@17.0.2
      react: 17.0.2
      react-dom: 17.0.2_react@17.0.2
    dev: false

  /rc-tree/4.2.2_react-dom@17.0.2+react@17.0.2:
    resolution: {integrity: sha512-V1hkJt092VrOVjNyfj5IYbZKRMHxWihZarvA5hPL/eqm7o2+0SNkeidFYm7LVVBrAKBpOpa0l8xt04uiqOd+6w==}
    engines: {node: '>=10.x'}
    peerDependencies:
      react: '*'
      react-dom: '*'
    dependencies:
      '@babel/runtime': 7.15.3
      classnames: 2.3.1
      rc-motion: 2.4.4_react-dom@17.0.2+react@17.0.2
      rc-util: 5.13.2_react-dom@17.0.2+react@17.0.2
      rc-virtual-list: 3.3.0_react-dom@17.0.2+react@17.0.2
      react: 17.0.2
      react-dom: 17.0.2_react@17.0.2
    dev: false

  /rc-trigger/5.2.10_react-dom@17.0.2+react@17.0.2:
    resolution: {integrity: sha512-FkUf4H9BOFDaIwu42fvRycXMAvkttph9AlbCZXssZDVzz2L+QZ0ERvfB/4nX3ZFPh1Zd+uVGr1DEDeXxq4J1TA==}
    engines: {node: '>=8.x'}
    peerDependencies:
      react: '>=16.9.0'
      react-dom: '>=16.9.0'
    dependencies:
      '@babel/runtime': 7.15.3
      classnames: 2.3.1
      rc-align: 4.0.11_react-dom@17.0.2+react@17.0.2
      rc-motion: 2.4.4_react-dom@17.0.2+react@17.0.2
      rc-util: 5.13.2_react-dom@17.0.2+react@17.0.2
      react: 17.0.2
      react-dom: 17.0.2_react@17.0.2
    dev: false

  /rc-upload/4.3.1_react-dom@17.0.2+react@17.0.2:
    resolution: {integrity: sha512-W8Iyv0LRyEnFEzpv90ET/i1XG2jlPzPxKkkOVtDfgh9c3f4lZV770vgpUfiyQza+iLtQLVco3qIvgue8aDiOsQ==}
    peerDependencies:
      react: '>=16.9.0'
      react-dom: '>=16.9.0'
    dependencies:
      '@babel/runtime': 7.15.3
      classnames: 2.3.1
      rc-util: 5.13.2_react-dom@17.0.2+react@17.0.2
      react: 17.0.2
      react-dom: 17.0.2_react@17.0.2
    dev: false

  /rc-util/5.13.2_react-dom@17.0.2+react@17.0.2:
    resolution: {integrity: sha512-eYc71XXGlp96RMzg01Mhq/T3BL6OOVTDSS0urFEuvpi+e7slhJRhaHGCKy2hqJm18m9ff7VoRoptplKu60dYog==}
    peerDependencies:
      react: '>=16.9.0'
      react-dom: '>=16.9.0'
    dependencies:
      '@babel/runtime': 7.15.3
      react: 17.0.2
      react-dom: 17.0.2_react@17.0.2
      react-is: 16.13.1
      shallowequal: 1.1.0
    dev: false

  /rc-virtual-list/3.3.0_react-dom@17.0.2+react@17.0.2:
    resolution: {integrity: sha512-lVXpGWC6yMdwV2SHo6kc63WlqjCnb3eO72V726KA2/wh9KA6wi/swcdR3zAowuA8hJxG/lRANmY5kpLZ+Pz3iQ==}
    engines: {node: '>=8.x'}
    peerDependencies:
      react: '*'
      react-dom: '*'
    dependencies:
      classnames: 2.3.1
      rc-resize-observer: 1.0.0_react-dom@17.0.2+react@17.0.2
      rc-util: 5.13.2_react-dom@17.0.2+react@17.0.2
      react: 17.0.2
      react-dom: 17.0.2_react@17.0.2
    dev: false

  /react-dnd-html5-backend/14.0.2:
    resolution: {integrity: sha512-QgN6rYrOm4UUj6tIvN8ovImu6uP48xBXF2rzVsp6tvj6d5XQ7OjHI4SJ/ZgGobOneRAU3WCX4f8DGCYx0tuhlw==}
    dependencies:
      dnd-core: 14.0.1
    dev: false

  /react-dnd/14.0.4_react@17.0.2:
    resolution: {integrity: sha512-AFJJXzUIWp5WAhgvI85ESkDCawM0lhoVvfo/lrseLXwFdH3kEO3v8I2C81QPqBW2UEyJBIPStOhPMGYGFtq/bg==}
    peerDependencies:
      '@types/hoist-non-react-statics': '>= 3.3.1'
      '@types/node': '>= 12'
      '@types/react': '>= 16'
      react: '>= 16.14'
    peerDependenciesMeta:
      '@types/hoist-non-react-statics':
        optional: true
      '@types/node':
        optional: true
      '@types/react':
        optional: true
    dependencies:
      '@react-dnd/invariant': 2.0.0
      '@react-dnd/shallowequal': 2.0.0
      dnd-core: 14.0.1
      fast-deep-equal: 3.1.3
      hoist-non-react-statics: 3.3.2
      react: 17.0.2
    dev: false

  /react-dom/17.0.2_react@17.0.2:
    resolution: {integrity: sha512-s4h96KtLDUQlsENhMn1ar8t2bEa+q/YAtj8pPPdIjPDGBDIVNsrD9aXNWqspUe6AzKCIG0C1HZZLqLV7qpOBGA==}
    peerDependencies:
      react: 17.0.2
    dependencies:
      loose-envify: 1.4.0
      object-assign: 4.1.1
      react: 17.0.2
      scheduler: 0.20.2
    dev: false

  /react-is/16.13.1:
    resolution: {integrity: sha512-24e6ynE2H+OKt4kqsOvNd8kBpV65zoxbA4BVsEOB3ARVWQki/DHzaUoC5KuON/BiccDaCCTZBuOcfZs70kR8bQ==}
    dev: false

  /react-router-dom/5.3.0_react@17.0.2:
    resolution: {integrity: sha512-ObVBLjUZsphUUMVycibxgMdh5jJ1e3o+KpAZBVeHcNQZ4W+uUGGWsokurzlF4YOldQYRQL4y6yFRWM4m3svmuQ==}
    peerDependencies:
      react: '>=15'
    dependencies:
      '@babel/runtime': 7.15.3
      history: 4.10.1
      loose-envify: 1.4.0
      prop-types: 15.7.2
      react: 17.0.2
      react-router: 5.2.1_react@17.0.2
      tiny-invariant: 1.1.0
      tiny-warning: 1.0.3
    dev: false

  /react-router/5.2.1_react@17.0.2:
    resolution: {integrity: sha512-lIboRiOtDLFdg1VTemMwud9vRVuOCZmUIT/7lUoZiSpPODiiH1UQlfXy+vPLC/7IWdFYnhRwAyNqA/+I7wnvKQ==}
    peerDependencies:
      react: '>=15'
    dependencies:
      '@babel/runtime': 7.15.3
      history: 4.10.1
      hoist-non-react-statics: 3.3.2
      loose-envify: 1.4.0
      mini-create-react-context: 0.4.1_prop-types@15.7.2+react@17.0.2
      path-to-regexp: 1.8.0
      prop-types: 15.7.2
      react: 17.0.2
      react-is: 16.13.1
      tiny-invariant: 1.1.0
      tiny-warning: 1.0.3
    dev: false

  /react/17.0.2:
    resolution: {integrity: sha512-gnhPt75i/dq/z3/6q/0asP78D0u592D5L1pd7M8P+dck6Fu/jJeL6iVVK23fptSUZj8Vjf++7wXA8UNclGQcbA==}
    engines: {node: '>=0.10.0'}
    dependencies:
      loose-envify: 1.4.0
      object-assign: 4.1.1
    dev: false

  /redux/4.1.1:
    resolution: {integrity: sha512-hZQZdDEM25UY2P493kPYuKqviVwZ58lEmGQNeQ+gXa+U0gYPUBf7NKYazbe3m+bs/DzM/ahN12DbF+NG8i0CWw==}
    dependencies:
      '@babel/runtime': 7.15.3
    dev: false

  /regenerator-runtime/0.13.9:
    resolution: {integrity: sha512-p3VT+cOEgxFsRRA9X4lkI1E+k2/CtnKtU4gcxyaCUreilL/vqI6CdZ3wxVUx3UOUg+gnUOQQcRI7BmSI656MYA==}
    dev: false

  /resize-observer-polyfill/1.5.1:
    resolution: {integrity: sha512-LwZrotdHOo12nQuZlHEmtuXdqGoOD0OhaxopaNFxWzInpEgaLWoVuAMbTzixuosCx2nEG58ngzW3vxdWoxIgdg==}
    dev: false

  /resolve-pathname/3.0.0:
    resolution: {integrity: sha512-C7rARubxI8bXFNB/hqcp/4iUeIXJhJZvFPFPiSPRnhU5UPxzMFIl+2E6yY6c4k9giDJAhtV+enfA+G89N6Csng==}
    dev: false

  /rollup-plugin-external-globals/0.6.1:
    resolution: {integrity: sha512-mlp3KNa5sE4Sp9UUR2rjBrxjG79OyZAh/QC18RHIjM+iYkbBwNXSo8DHRMZWtzJTrH8GxQ+SJvCTN3i14uMXIA==}
    peerDependencies:
      rollup: ^2.25.0
    dependencies:
      '@rollup/pluginutils': 4.1.1
      estree-walker: 2.0.2
      is-reference: 1.2.1
      magic-string: 0.25.7
    dev: true

  /scheduler/0.20.2:
    resolution: {integrity: sha512-2eWfGgAqqWFGqtdMmcL5zCMK1U8KlXv8SQFGglL3CEtd0aDVDWgeF/YoCmvln55m5zSk3J/20hTaSBeSObsQDQ==}
    dependencies:
      loose-envify: 1.4.0
      object-assign: 4.1.1
    dev: false

  /scroll-into-view-if-needed/2.2.28:
    resolution: {integrity: sha512-8LuxJSuFVc92+0AdNv4QOxRL4Abeo1DgLnGNkn1XlaujPH/3cCFz3QI60r2VNu4obJJROzgnIUw5TKQkZvZI1w==}
    dependencies:
      compute-scroll-into-view: 1.0.17
    dev: false

  /shallowequal/1.1.0:
    resolution: {integrity: sha512-y0m1JoUZSlPAjXVtPPW70aZWfIL/dSP7AFkRnniLCrK/8MDKog3TySTBmckD+RObVxH0v4Tox67+F14PdED2oQ==}
    dev: false

  /sourcemap-codec/1.4.8:
    resolution: {integrity: sha512-9NykojV5Uih4lgo5So5dtw+f0JgJX30KCNI8gwhz2J9A15wD0Ml6tjHKwf6fTSa6fAdVBdZeNOs9eJ71qCk8vA==}
    dev: true

  /string-convert/0.2.1:
    resolution: {integrity: sha1-aYLMMEn7tM2F+LJFaLnZvznu/5c=}
    dev: false

  /tiny-invariant/1.1.0:
    resolution: {integrity: sha512-ytxQvrb1cPc9WBEI/HSeYYoGD0kWnGEOR8RY6KomWLBVhqz0RgTwVO9dLrGz7dC+nN9llyI7OKAgRq8Vq4ZBSw==}
    dev: false

  /tiny-warning/1.0.3:
    resolution: {integrity: sha512-lBN9zLN/oAf68o3zNXYrdCt1kP8WsiGW8Oo2ka41b2IM5JL/S1CTyX1rW0mb/zSuJun0ZUrDxx4sqvYS2FWzPA==}
    dev: false

  /toggle-selection/1.0.6:
    resolution: {integrity: sha1-bkWxJj8gF/oKzH2J14sVuL932jI=}
    dev: false

  /universalify/2.0.0:
    resolution: {integrity: sha512-hAZsKq7Yy11Zu1DE0OzWjw7nnLZmJZYTDZZyEFHZdUhV8FkH5MCfoU1XMaxXovpyW5nq5scPqq0ZDP9Zyl04oQ==}
    engines: {node: '>= 10.0.0'}
    dev: true

  /value-equal/1.0.1:
    resolution: {integrity: sha512-NOJ6JZCAWr0zlxZt+xqCHNTEKOsrks2HQd4MqhP1qy4z1SkbEP467eNx6TgDKXMvUOb+OENfJCZwM+16n7fRfw==}
    dev: false

  /vite-plugin-external/1.2.3:
    resolution: {integrity: sha512-NCVDWVY7J/t8Z6/au5fqY+lDIMfv0CFayyO2OaJFnVCB0PVH8qh+b99Zq2BarS3/cRLdZLCzjlhqzLfc60OkSg==}
    dependencies:
      fs-extra: 10.0.0
    dev: true

  /warning/4.0.3:
    resolution: {integrity: sha512-rpJyN222KWIvHJ/F53XSZv0Zl/accqHR8et1kpaMTD/fLCRxtV8iX8czMzY7sVZupTI3zcUTg8eycS2kNF9l6w==}
    dependencies:
      loose-envify: 1.4.0
    dev: false
